
Microsoft Visual Studio Solution File, Format Version 12.00
# Visual Studio 14
VisualStudioVersion = 14.0.25420.1
MinimumVisualStudioVersion = 10.0.40219.1
Project("{FAE04EC0-301F-11D3-BF4B-00C04F79EFBC}") = "ClickToRunHelperGui", "ClickToRunHelperGui\ClickToRunHelperGui.csproj", "{3DA8F32F-DB23-4DFA-A1A1-FA9E3E8D78F3}"
EndProject
Global
	GlobalSection(SolutionConfigurationPlatforms) = preSolution
		Debug|Any CPU = Debug|Any CPU
		Release|Any CPU = Release|Any CPU
	EndGlobalSection
	GlobalSection(ProjectConfigurationPlatforms) = postSolution
		{3DA8F32F-DB23-4DFA-A1A1-FA9E3E8D78F3}.Debug|Any CPU.ActiveCfg = Debug|Any CPU
		{3DA8F32F-DB23-4DFA-A1A1-FA9E3E8D78F3}.Debug|Any CPU.Build.0 = Debug|Any CPU
		{3DA8F32F-DB23-4DFA-A1A1-FA9E3E8D78F3}.Release|Any CPU.ActiveCfg = Release|Any CPU
		{3DA8F32F-DB23-4DFA-A1A1-FA9E3E8D78F3}.Release|Any CPU.Build.0 = Release|Any CPU
	EndGlobalSection
	GlobalSection(SolutionProperties) = preSolution
		HideSolutionNode = FALSE
	EndGlobalSection
EndGlobal
